
Microsoft Visual Studio Solution File, Format Version 12.00
# Visual Studio 15
Project("{FAE04EC0-301F-11D3-BF4B-00C04F79EFBC}") = "top down", "top down.csproj", "{DF8D8221-B12E-8611-AD18-D44098E3BB4F}"
EndProject
Global
	GlobalSection(SolutionConfigurationPlatforms) = preSolution
		Debug|Any CPU = Debug|Any CPU
		Release|Any CPU = Release|Any CPU
	EndGlobalSection
	GlobalSection(ProjectConfigurationPlatforms) = postSolution
		{DF8D8221-B12E-8611-AD18-D44098E3BB4F}.Debug|Any CPU.ActiveCfg = Debug|Any CPU
		{DF8D8221-B12E-8611-AD18-D44098E3BB4F}.Debug|Any CPU.Build.0 = Debug|Any CPU
		{DF8D8221-B12E-8611-AD18-D44098E3BB4F}.Release|Any CPU.ActiveCfg = Release|Any CPU
		{DF8D8221-B12E-8611-AD18-D44098E3BB4F}.Release|Any CPU.Build.0 = Release|Any CPU
	EndGlobalSection
	GlobalSection(SolutionProperties) = preSolution
		HideSolutionNode = FALSE
	EndGlobalSection
EndGlobal
